{
  "name": "veui-theme-blue-icons",
  "version": "2.7.0",
  "lockfileVersion": 2,
  "requires": true,
  "packages": {
    "": {
      "name": "veui-theme-blue-icons",
      "version": "2.7.0",
      "license": "ISC",
      "devDependencies": {
        "esm": "^3.0.84",
        "mkdirp": "^0.5.4",
        "rimraf": "^2.6.2",
        "stringify-object": "^3.3.0",
        "svgo": "^3.0.2",
        "svgson": "^3.0.0"
      },
      "peerDependencies": {
        "veui": "2.10.2"
      }
    },
    "node_modules/@trysound/sax": {
      "version": "0.2.0",
      "resolved": "https://registry.npmjs.org/@trysound/sax/-/sax-0.2.0.tgz",
      "integrity": "sha512-L7z9BgrNEcYyUYtF+HaEfiS5ebkh9jXqbszz7pC0hRBPaatV0XjSD3+eHrpqFemQfgwiFF0QPIarnIihIDn7OA==",
      "dev": true,
      "engines": {
        "node": ">=10.13.0"
      }
    },
    "node_modules/balanced-match": {
      "version": "1.0.0",
      "resolved": "https://registry.npmjs.org/balanced-match/-/balanced-match-1.0.0.tgz",
      "integrity": "sha1-ibTRmasr7kneFk6gK4nORi1xt2c=",
      "dev": true
    },
    "node_modules/boolbase": {
      "version": "1.0.0",
      "resolved": "https://registry.npmjs.org/boolbase/-/boolbase-1.0.0.tgz",
      "integrity": "sha512-JZOSA7Mo9sNGB8+UjSgzdLtokWAky1zbztM3WRLCbZ70/3cTANmQmOdR7y2g+J0e2WXywy1yS468tY+IruqEww==",
      "dev": true
    },
    "node_modules/brace-expansion": {
      "version": "1.1.11",
      "resolved": "https://registry.npmjs.org/brace-expansion/-/brace-expansion-1.1.11.tgz",
      "integrity": "sha512-iCuPHDFgrHX7H2vEI/5xpz07zSHB00TpugqhmYtVmMO6518mCuRMoOYFldEBl0g187ufozdaHgWKcYFb61qGiA==",
      "dev": true,
      "dependencies": {
        "balanced-match": "^1.0.0",
        "concat-map": "0.0.1"
      }
    },
    "node_modules/bytes": {
      "version": "3.1.2",
      "resolved": "https://registry.npmjs.org/bytes/-/bytes-3.1.2.tgz",
      "integrity": "sha512-/Nf7TyzTx6S3yRJObOAV7956r8cr2+Oj8AC5dt8wSP3BQAoeX58NoHyCU8P8zGkNXStjTSi6fzO6F0pBdcYbEg==",
      "peer": true,
      "engines": {
        "node": ">= 0.8"
      }
    },
    "node_modules/clean-deep": {
      "version": "3.0.2",
      "resolved": "https://registry.npmjs.org/clean-deep/-/clean-deep-3.0.2.tgz",
      "integrity": "sha512-sLUtFxYtHc3jM9pmwyYXOLln0nnQ1OhFrefQ7nqUlva1crHDbi4gVO+nnMSm5jztFXIRDMt+kMNh0mOscbARow==",
      "dev": true,
      "dependencies": {
        "lodash.isempty": "^4.4.0",
        "lodash.isplainobject": "^4.0.6",
        "lodash.transform": "^4.6.0"
      },
      "engines": {
        "node": ">=4"
      }
    },
    "node_modules/clone-element": {
      "version": "0.1.0",
      "resolved": "https://registry.npmjs.org/clone-element/-/clone-element-0.1.0.tgz",
      "integrity": "sha512-puj0ZeG4HdWTMeP0i9poU5R7oYD5EOFo5CsU00bW6CHg7sGXEJ5o6LkrIeHSkGL/eQb8b+ME7vIiSk41wRYsWg==",
      "peer": true
    },
    "node_modules/commander": {
      "version": "7.2.0",
      "resolved": "https://registry.npmjs.org/commander/-/commander-7.2.0.tgz",
      "integrity": "sha512-QrWXB+ZQSVPmIWIhtEO9H+gwHaMGYiF5ChvoJ+K9ZGHG/sVsa6yiesAD1GC/x46sET00Xlwo1u49RVVVzvcSkw==",
      "dev": true,
      "engines": {
        "node": ">= 10"
      }
    },
    "node_modules/concat-map": {
      "version": "0.0.1",
      "resolved": "https://registry.npmjs.org/concat-map/-/concat-map-0.0.1.tgz",
      "integrity": "sha1-2Klr13/Wjfd5OnMDajug1UBdR3s=",
      "dev": true
    },
    "node_modules/core-js": {
      "version": "3.22.5",
      "resolved": "https://registry.npmjs.org/core-js/-/core-js-3.22.5.tgz",
      "integrity": "sha512-VP/xYuvJ0MJWRAobcmQ8F2H6Bsn+s7zqAAjFaHGBMc5AQm7zaelhD1LGduFn2EehEcQcU+br6t+fwbpQ5d1ZWA==",
      "hasInstallScript": true,
      "peer": true,
      "funding": {
        "type": "opencollective",
        "url": "https://opencollective.com/core-js"
      }
    },
    "node_modules/css-select": {
      "version": "5.1.0",
      "resolved": "https://registry.npmjs.org/css-select/-/css-select-5.1.0.tgz",
      "integrity": "sha512-nwoRF1rvRRnnCqqY7updORDsuqKzqYJ28+oSMaJMMgOauh3fvwHqMS7EZpIPqK8GL+g9mKxF1vP/ZjSeNjEVHg==",
      "dev": true,
      "dependencies": {
        "boolbase": "^1.0.0",
        "css-what": "^6.1.0",
        "domhandler": "^5.0.2",
        "domutils": "^3.0.1",
        "nth-check": "^2.0.1"
      },
      "funding": {
        "url": "https://github.com/sponsors/fb55"
      }
    },
    "node_modules/css-tree": {
      "version": "2.2.1",
      "resolved": "https://registry.npmjs.org/css-tree/-/css-tree-2.2.1.tgz",
      "integrity": "sha512-OA0mILzGc1kCOCSJerOeqDxDQ4HOh+G8NbOJFOTgOCzpw7fCBubk0fEyxp8AgOL/jvLgYA/uV0cMbe43ElF1JA==",
      "dev": true,
      "dependencies": {
        "mdn-data": "2.0.28",
        "source-map-js": "^1.0.1"
      },
      "engines": {
        "node": "^10 || ^12.20.0 || ^14.13.0 || >=15.0.0",
        "npm": ">=7.0.0"
      }
    },
    "node_modules/css-what": {
      "version": "6.1.0",
      "resolved": "https://registry.npmjs.org/css-what/-/css-what-6.1.0.tgz",
      "integrity": "sha512-HTUrgRJ7r4dsZKU6GjmpfRK1O76h97Z8MfS1G0FozR+oF2kG6Vfe8JE6zwrkbxigziPHinCJ+gCPjA9EaBDtRw==",
      "dev": true,
      "engines": {
        "node": ">= 6"
      },
      "funding": {
        "url": "https://github.com/sponsors/fb55"
      }
    },
    "node_modules/csso": {
      "version": "5.0.5",
      "resolved": "https://registry.npmjs.org/csso/-/csso-5.0.5.tgz",
      "integrity": "sha512-0LrrStPOdJj+SPCCrGhzryycLjwcgUSHBtxNA8aIDxf0GLsRh1cKYhB00Gd1lDOS4yGH69+SNn13+TWbVHETFQ==",
      "dev": true,
      "dependencies": {
        "css-tree": "~2.2.0"
      },
      "engines": {
        "node": "^10 || ^12.20.0 || ^14.13.0 || >=15.0.0",
        "npm": ">=7.0.0"
      }
    },
    "node_modules/date-fns": {
      "version": "2.28.0",
      "resolved": "https://registry.npmjs.org/date-fns/-/date-fns-2.28.0.tgz",
      "integrity": "sha512-8d35hViGYx/QH0icHYCeLmsLmMUheMmTyV9Fcm6gvNwdw31yXXH+O85sOBJ+OLnLQMKZowvpKb6FgMIQjcpvQw==",
      "peer": true,
      "engines": {
        "node": ">=0.11"
      },
      "funding": {
        "type": "opencollective",
        "url": "https://opencollective.com/date-fns"
      }
    },
    "node_modules/deep-rename-keys": {
      "version": "0.2.1",
      "resolved": "https://registry.npmjs.org/deep-rename-keys/-/deep-rename-keys-0.2.1.tgz",
      "integrity": "sha1-7eeFN9emaivmFRfir5Vtf1ij8dg=",
      "dev": true,
      "dependencies": {
        "kind-of": "^3.0.2",
        "rename-keys": "^1.1.2"
      },
      "engines": {
        "node": ">=0.10.0"
      }
    },
    "node_modules/dls-graphics": {
      "version": "1.3.2",
      "resolved": "https://registry.npmjs.org/dls-graphics/-/dls-graphics-1.3.2.tgz",
      "integrity": "sha512-hPCo8dpCQLffRLqtPsYIX8txrEzdgIIGfofN6XzRx2GOsm87SOlQIQoqdkir+rPZIuIHFScdb4ifSIsaicXDYQ==",
      "peer": true
    },
    "node_modules/dom-serializer": {
      "version": "2.0.0",
      "resolved": "https://registry.npmjs.org/dom-serializer/-/dom-serializer-2.0.0.tgz",
      "integrity": "sha512-wIkAryiqt/nV5EQKqQpo3SToSOV9J0DnbJqwK7Wv/Trc92zIAYZ4FlMu+JPFW1DfGFt81ZTCGgDEabffXeLyJg==",
      "dev": true,
      "dependencies": {
        "domelementtype": "^2.3.0",
        "domhandler": "^5.0.2",
        "entities": "^4.2.0"
      },
      "funding": {
        "url": "https://github.com/cheeriojs/dom-serializer?sponsor=1"
      }
    },
    "node_modules/domelementtype": {
      "version": "2.3.0",
      "resolved": "https://registry.npmjs.org/domelementtype/-/domelementtype-2.3.0.tgz",
      "integrity": "sha512-OLETBj6w0OsagBwdXnPdN0cnMfF9opN69co+7ZrbfPGrdpPVNBUj02spi6B1N7wChLQiPn4CSH/zJvXw56gmHw==",
      "dev": true,
      "funding": [
        {
          "type": "github",
          "url": "https://github.com/sponsors/fb55"
        }
      ]
    },
    "node_modules/domhandler": {
      "version": "5.0.3",
      "resolved": "https://registry.npmjs.org/domhandler/-/domhandler-5.0.3.tgz",
      "integrity": "sha512-cgwlv/1iFQiFnU96XXgROh8xTeetsnJiDsTc7TYCLFd9+/WNkIqPTxiM/8pSd8VIrhXGTf1Ny1q1hquVqDJB5w==",
      "dev": true,
      "dependencies": {
        "domelementtype": "^2.3.0"
      },
      "engines": {
        "node": ">= 4"
      },
      "funding": {
        "url": "https://github.com/fb55/domhandler?sponsor=1"
      }
    },
    "node_modules/domutils": {
      "version": "3.0.1",
      "resolved": "https://registry.npmjs.org/domutils/-/domutils-3.0.1.tgz",
      "integrity": "sha512-z08c1l761iKhDFtfXO04C7kTdPBLi41zwOZl00WS8b5eiaebNpY00HKbztwBq+e3vyqWNwWF3mP9YLUeqIrF+Q==",
      "dev": true,
      "dependencies": {
        "dom-serializer": "^2.0.0",
        "domelementtype": "^2.3.0",
        "domhandler": "^5.0.1"
      },
      "funding": {
        "url": "https://github.com/fb55/domutils?sponsor=1"
      }
    },
    "node_modules/entities": {
      "version": "4.4.0",
      "resolved": "https://registry.npmjs.org/entities/-/entities-4.4.0.tgz",
      "integrity": "sha512-oYp7156SP8LkeGD0GF85ad1X9Ai79WtRsZ2gxJqtBuzH+98YUV6jkHEKlZkMbcrjJjIVJNIDP/3WL9wQkoPbWA==",
      "dev": true,
      "engines": {
        "node": ">=0.12"
      },
      "funding": {
        "url": "https://github.com/fb55/entities?sponsor=1"
      }
    },
    "node_modules/esm": {
      "version": "3.2.25",
      "resolved": "https://registry.npmjs.org/esm/-/esm-3.2.25.tgz",
      "integrity": "sha512-U1suiZ2oDVWv4zPO56S0NcR5QriEahGtdN2OR6FiOG4WJvcjBVFB0qI4+eKoWFH483PKGuLuu6V8Z4T5g63UVA==",
      "dev": true,
      "engines": {
        "node": ">=6"
      }
    },
    "node_modules/eventemitter3": {
      "version": "2.0.3",
      "resolved": "https://registry.npmjs.org/eventemitter3/-/eventemitter3-2.0.3.tgz",
      "integrity": "sha1-teEHm1n7XhuidxwKmTvgYKWMmbo=",
      "dev": true
    },
    "node_modules/fs.realpath": {
      "version": "1.0.0",
      "resolved": "https://registry.npmjs.org/fs.realpath/-/fs.realpath-1.0.0.tgz",
      "integrity": "sha1-FQStJSMVjKpA20onh8sBQRmU6k8=",
      "dev": true
    },
    "node_modules/get-own-enumerable-property-symbols": {
      "version": "3.0.2",
      "resolved": "https://registry.npmjs.org/get-own-enumerable-property-symbols/-/get-own-enumerable-property-symbols-3.0.2.tgz",
      "integrity": "sha512-I0UBV/XOz1XkIJHEUDMZAbzCThU/H8DxmSfmdGcKPnVhu2VfFqr34jr9777IyaTYvxjedWhqVIilEDsCdP5G6g==",
      "dev": true
    },
    "node_modules/get-value": {
      "version": "2.0.6",
      "resolved": "https://registry.npmjs.org/get-value/-/get-value-2.0.6.tgz",
      "integrity": "sha1-3BXKHGcjh8p2vTesCjlbogQqLCg=",
      "dev": true,
      "engines": {
        "node": ">=0.10.0"
      }
    },
    "node_modules/glob": {
      "version": "7.1.6",
      "resolved": "https://registry.npmjs.org/glob/-/glob-7.1.6.tgz",
      "integrity": "sha512-LwaxwyZ72Lk7vZINtNNrywX0ZuLyStrdDtabefZKAY5ZGJhVtgdznluResxNmPitE0SAO+O26sWTHeKSI2wMBA==",
      "dev": true,
      "dependencies": {
        "fs.realpath": "^1.0.0",
        "inflight": "^1.0.4",
        "inherits": "2",
        "minimatch": "^3.0.4",
        "once": "^1.3.0",
        "path-is-absolute": "^1.0.0"
      },
      "engines": {
        "node": "*"
      },
      "funding": {
        "url": "https://github.com/sponsors/isaacs"
      }
    },
    "node_modules/has-value": {
      "version": "0.3.1",
      "resolved": "https://registry.npmjs.org/has-value/-/has-value-0.3.1.tgz",
      "integrity": "sha1-ex9YutpiyoJ+wKIHgCVlSEWZXh8=",
      "dev": true,
      "dependencies": {
        "get-value": "^2.0.3",
        "has-values": "^0.1.4",
        "isobject": "^2.0.0"
      },
      "engines": {
        "node": ">=0.10.0"
      }
    },
    "node_modules/has-value/node_modules/isobject": {
      "version": "2.1.0",
      "resolved": "https://registry.npmjs.org/isobject/-/isobject-2.1.0.tgz",
      "integrity": "sha1-8GVWEJaj8dou9GJy+BXIQNh+DIk=",
      "dev": true,
      "dependencies": {
        "isarray": "1.0.0"
      },
      "engines": {
        "node": ">=0.10.0"
      }
    },
    "node_modules/has-values": {
      "version": "0.1.4",
      "resolved": "https://registry.npmjs.org/has-values/-/has-values-0.1.4.tgz",
      "integrity": "sha1-bWHeldkd/Km5oCCJrThL/49it3E=",
      "dev": true,
      "engines": {
        "node": ">=0.10.0"
      }
    },
    "node_modules/inflight": {
      "version": "1.0.6",
      "resolved": "https://registry.npmjs.org/inflight/-/inflight-1.0.6.tgz",
      "integrity": "sha1-Sb1jMdfQLQwJvJEKEHW6gWW1bfk=",
      "dev": true,
      "dependencies": {
        "once": "^1.3.0",
        "wrappy": "1"
      }
    },
    "node_modules/inherits": {
      "version": "2.0.4",
      "resolved": "https://registry.npmjs.org/inherits/-/inherits-2.0.4.tgz",
      "integrity": "sha512-k/vGaX4/Yla3WzyMCvTQOXYeIHvqOKtnqBduzTHpzpQZzAskKMhZ2K+EnBiSM9zGSoIFeMpXKxa4dYeZIQqewQ==",
      "dev": true
    },
    "node_modules/is-buffer": {
      "version": "1.1.6",
      "resolved": "https://registry.npmjs.org/is-buffer/-/is-buffer-1.1.6.tgz",
      "integrity": "sha512-NcdALwpXkTm5Zvvbk7owOUSvVvBKDgKP5/ewfXEznmQFfs4ZRmanOeKBTjRVjka3QFoN6XJ+9F3USqfHqTaU5w==",
      "dev": true
    },
    "node_modules/is-obj": {
      "version": "1.0.1",
      "resolved": "https://registry.npmjs.org/is-obj/-/is-obj-1.0.1.tgz",
      "integrity": "sha1-PkcprB9f3gJc19g6iW2rn09n2w8=",
      "dev": true,
      "engines": {
        "node": ">=0.10.0"
      }
    },
    "node_modules/is-plain-object": {
      "version": "2.0.4",
      "resolved": "https://registry.npmjs.org/is-plain-object/-/is-plain-object-2.0.4.tgz",
      "integrity": "sha512-h5PpgXkWitc38BBMYawTYMWJHFZJVnBquFE57xFpjB8pJFiF6gZ+bU+WyI/yqXiFR5mdLsgYNaPe8uao6Uv9Og==",
      "dev": true,
      "dependencies": {
        "isobject": "^3.0.1"
      },
      "engines": {
        "node": ">=0.10.0"
      }
    },
    "node_modules/is-regexp": {
      "version": "1.0.0",
      "resolved": "https://registry.npmjs.org/is-regexp/-/is-regexp-1.0.0.tgz",
      "integrity": "sha1-/S2INUXEa6xaYz57mgnof6LLUGk=",
      "dev": true,
      "engines": {
        "node": ">=0.10.0"
      }
    },
    "node_modules/isarray": {
      "version": "1.0.0",
      "resolved": "https://registry.npmjs.org/isarray/-/isarray-1.0.0.tgz",
      "integrity": "sha1-u5NdSFgsuhaMBoNJV6VKPgcSTxE=",
      "dev": true
    },
    "node_modules/isobject": {
      "version": "3.0.1",
      "resolved": "https://registry.npmjs.org/isobject/-/isobject-3.0.1.tgz",
      "integrity": "sha1-TkMekrEalzFjaqH5yNHMvP2reN8=",
      "dev": true,
      "engines": {
        "node": ">=0.10.0"
      }
    },
    "node_modules/kind-of": {
      "version": "3.2.2",
      "resolved": "https://registry.npmjs.org/kind-of/-/kind-of-3.2.2.tgz",
      "integrity": "sha1-MeohpzS6ubuw8yRm2JOupR5KPGQ=",
      "dev": true,
      "dependencies": {
        "is-buffer": "^1.1.5"
      },
      "engines": {
        "node": ">=0.10.0"
      }
    },
    "node_modules/lodash": {
      "version": "4.17.21",
      "resolved": "https://registry.npmjs.org/lodash/-/lodash-4.17.21.tgz",
      "integrity": "sha512-v2kDEe57lecTulaDIuNTPy3Ry4gLGJ6Z1O3vE1krgXZNrsQ+LFTGHVxVjcXPs17LhbZVGedAJv8XZ1tvj5FvSg==",
      "peer": true
    },
    "node_modules/lodash.isempty": {
      "version": "4.4.0",
      "resolved": "https://registry.npmjs.org/lodash.isempty/-/lodash.isempty-4.4.0.tgz",
      "integrity": "sha1-b4bL7di+TsmHvpqvM8loTbGzHn4=",
      "dev": true
    },
    "node_modules/lodash.isplainobject": {
      "version": "4.0.6",
      "resolved": "https://registry.npmjs.org/lodash.isplainobject/-/lodash.isplainobject-4.0.6.tgz",
      "integrity": "sha1-fFJqUtibRcRcxpC4gWO+BJf1UMs=",
      "dev": true
    },
    "node_modules/lodash.transform": {
      "version": "4.6.0",
      "resolved": "https://registry.npmjs.org/lodash.transform/-/lodash.transform-4.6.0.tgz",
      "integrity": "sha1-EjBkIvYzJK7YSD0/ODMrX2cFR6A=",
      "dev": true
    },
    "node_modules/mdn-data": {
      "version": "2.0.28",
      "resolved": "https://registry.npmjs.org/mdn-data/-/mdn-data-2.0.28.tgz",
      "integrity": "sha512-aylIc7Z9y4yzHYAJNuESG3hfhC+0Ibp/MAMiaOZgNv4pmEdFyfZhhhny4MNiAfWdBQ1RQ2mfDWmM1x8SvGyp8g==",
      "dev": true
    },
    "node_modules/minimatch": {
      "version": "3.1.2",
      "resolved": "https://registry.npmjs.org/minimatch/-/minimatch-3.1.2.tgz",
      "integrity": "sha512-J7p63hRiAjw1NDEww1W7i37+ByIrOWO5XQQAzZ3VOcL0PNybwpfmV/N05zFAzwQ9USyEcX6t3UO+K5aqBQOIHw==",
      "dev": true,
      "dependencies": {
        "brace-expansion": "^1.1.7"
      },
      "engines": {
        "node": "*"
      }
    },
    "node_modules/minimist": {
      "version": "1.2.6",
      "resolved": "https://registry.npmjs.org/minimist/-/minimist-1.2.6.tgz",
      "integrity": "sha512-Jsjnk4bw3YJqYzbdyBiNsPWHPfO++UGG749Cxs6peCu5Xg4nrena6OVxOYxrQTqww0Jmwt+Ref8rggumkTLz9Q==",
      "dev": true
    },
    "node_modules/mkdirp": {
      "version": "0.5.5",
      "resolved": "https://registry.npmjs.org/mkdirp/-/mkdirp-0.5.5.tgz",
      "integrity": "sha512-NKmAlESf6jMGym1++R0Ra7wvhV+wFW63FaSOFPwRahvea0gMUcGUhVeAg/0BC0wiv9ih5NYPB1Wn1UEI1/L+xQ==",
      "dev": true,
      "dependencies": {
        "minimist": "^1.2.5"
      },
      "bin": {
        "mkdirp": "bin/cmd.js"
      }
    },
    "node_modules/nth-check": {
      "version": "2.1.1",
      "resolved": "https://registry.npmjs.org/nth-check/-/nth-check-2.1.1.tgz",
      "integrity": "sha512-lqjrjmaOoAnWfMmBPL+XNnynZh2+swxiX3WUE0s4yEHI6m+AwrK2UZOimIRl3X/4QctVqS8AiZjFqyOGrMXb/w==",
      "dev": true,
      "dependencies": {
        "boolbase": "^1.0.0"
      },
      "funding": {
        "url": "https://github.com/fb55/nth-check?sponsor=1"
      }
    },
    "node_modules/omit-deep": {
      "version": "0.3.0",
      "resolved": "https://registry.npmjs.org/omit-deep/-/omit-deep-0.3.0.tgz",
      "integrity": "sha1-IcivNJm8rdKWUaIyy8rLxSRF6+w=",
      "dev": true,
      "dependencies": {
        "is-plain-object": "^2.0.1",
        "unset-value": "^0.1.1"
      },
      "engines": {
        "node": ">=0.10.0"
      }
    },
    "node_modules/once": {
      "version": "1.4.0",
      "resolved": "https://registry.npmjs.org/once/-/once-1.4.0.tgz",
      "integrity": "sha1-WDsap3WWHUsROsF9nFC6753Xa9E=",
      "dev": true,
      "dependencies": {
        "wrappy": "1"
      }
    },
    "node_modules/path-is-absolute": {
      "version": "1.0.1",
      "resolved": "https://registry.npmjs.org/path-is-absolute/-/path-is-absolute-1.0.1.tgz",
      "integrity": "sha1-F0uSaHNVNP+8es5r9TpanhtcX18=",
      "dev": true,
      "engines": {
        "node": ">=0.10.0"
      }
    },
    "node_modules/picocolors": {
      "version": "1.0.0",
      "resolved": "https://registry.npmjs.org/picocolors/-/picocolors-1.0.0.tgz",
      "integrity": "sha512-1fygroTLlHu66zi26VoTDv8yRgm0Fccecssto+MhsZ0D/DGW2sm8E8AjW7NU5VVTRt5GxbeZ5qBuJr+HyLYkjQ==",
      "dev": true
    },
    "node_modules/popper.js": {
      "version": "1.16.1",
      "resolved": "https://registry.npmjs.org/popper.js/-/popper.js-1.16.1.tgz",
      "integrity": "sha512-Wb4p1J4zyFTbM+u6WuO4XstYx4Ky9Cewe4DWrel7B0w6VVICvPwdOpotjzcf6eD8TsckVnIMNONQyPIUFOUbCQ==",
      "deprecated": "You can find the new Popper v2 at @popperjs/core, this package is dedicated to the legacy v1",
      "peer": true,
      "funding": {
        "type": "opencollective",
        "url": "https://opencollective.com/popperjs"
      }
    },
    "node_modules/rename-keys": {
      "version": "1.2.0",
      "resolved": "https://registry.npmjs.org/rename-keys/-/rename-keys-1.2.0.tgz",
      "integrity": "sha512-U7XpAktpbSgHTRSNRrjKSrjYkZKuhUukfoBlXWXUExCAqhzh1TU3BDRAfJmarcl5voKS+pbKU9MvyLWKZ4UEEg==",
      "dev": true,
      "engines": {
        "node": ">= 0.8.0"
      }
    },
    "node_modules/resize-detector": {
      "version": "0.1.10",
      "resolved": "https://registry.npmjs.org/resize-detector/-/resize-detector-0.1.10.tgz",
      "integrity": "sha512-iLcXC8A6Fb0DfA+TRiywrK/0A22bFqkhntjMJMEzXDA4XkcEkfwpNbv7W8iewUiD0xYIaeiXOfiEehTqGKsUFw==",
      "peer": true
    },
    "node_modules/rimraf": {
      "version": "2.7.1",
      "resolved": "https://registry.npmjs.org/rimraf/-/rimraf-2.7.1.tgz",
      "integrity": "sha512-uWjbaKIK3T1OSVptzX7Nl6PvQ3qAGtKEtVRjRuazjfL3Bx5eI409VZSqgND+4UNnmzLVdPj9FqFJNPqBZFve4w==",
      "dev": true,
      "dependencies": {
        "glob": "^7.1.3"
      },
      "bin": {
        "rimraf": "bin.js"
      }
    },
    "node_modules/source-map-js": {
      "version": "1.0.2",
      "resolved": "https://registry.npmjs.org/source-map-js/-/source-map-js-1.0.2.tgz",
      "integrity": "sha512-R0XvVJ9WusLiqTCEiGCmICCMplcCkIwwR11mOSD9CR5u+IXYdiseeEuXCVAjS54zqwkLcPNnmU4OeJ6tUrWhDw==",
      "dev": true,
      "engines": {
        "node": ">=0.10.0"
      }
    },
    "node_modules/stringify-object": {
      "version": "3.3.0",
      "resolved": "https://registry.npmjs.org/stringify-object/-/stringify-object-3.3.0.tgz",
      "integrity": "sha512-rHqiFh1elqCQ9WPLIC8I0Q/g/wj5J1eMkyoiD6eoQApWHP0FtlK7rqnhmabL5VUY9JQCcqwwvlOaSuutekgyrw==",
      "dev": true,
      "dependencies": {
        "get-own-enumerable-property-symbols": "^3.0.0",
        "is-obj": "^1.0.1",
        "is-regexp": "^1.0.0"
      },
      "engines": {
        "node": ">=4"
      }
    },
    "node_modules/svgo": {
      "version": "3.0.2",
      "resolved": "https://registry.npmjs.org/svgo/-/svgo-3.0.2.tgz",
      "integrity": "sha512-Z706C1U2pb1+JGP48fbazf3KxHrWOsLme6Rv7imFBn5EnuanDW1GPaA/P1/dvObE670JDePC3mnj0k0B7P0jjQ==",
      "dev": true,
      "dependencies": {
        "@trysound/sax": "0.2.0",
        "commander": "^7.2.0",
        "css-select": "^5.1.0",
        "css-tree": "^2.2.1",
        "csso": "^5.0.5",
        "picocolors": "^1.0.0"
      },
      "bin": {
        "svgo": "bin/svgo"
      },
      "engines": {
        "node": ">=14.0.0"
      },
      "funding": {
        "type": "opencollective",
        "url": "https://opencollective.com/svgo"
      }
    },
    "node_modules/svgson": {
      "version": "3.1.0",
      "resolved": "https://registry.npmjs.org/svgson/-/svgson-3.1.0.tgz",
      "integrity": "sha512-7DbA8d02COOjp+BACdxrPJNaIrlKROhNloktJF6lbeVz4syVLAKv8ViwHScwXK0RSLeTFND4OuJFpRlrdoqRuw==",
      "dev": true,
      "dependencies": {
        "clean-deep": "3.0.2",
        "deep-rename-keys": "^0.2.1",
        "omit-deep": "0.3.0",
        "xml-reader": "2.4.3"
      }
    },
    "node_modules/unset-value": {
      "version": "0.1.2",
      "resolved": "https://registry.npmjs.org/unset-value/-/unset-value-0.1.2.tgz",
      "integrity": "sha1-UGgQuGfyfCpabpsEgzYx9t5Y0xA=",
      "dev": true,
      "dependencies": {
        "has-value": "^0.3.1",
        "isobject": "^3.0.0"
      },
      "engines": {
        "node": ">=0.10.0"
      }
    },
    "node_modules/veui": {
      "version": "2.10.2",
      "resolved": "https://registry.npmjs.org/veui/-/veui-2.10.2.tgz",
      "integrity": "sha512-ZdxqlboECt5nuYd9Y35uwIq+5LqiyQsLpse8RkHV+M2aZMJ831m2laE+inub4neRdw1MQ7STAxYbdQ8Bw/6e0g==",
      "peer": true,
      "dependencies": {
        "bytes": "^3.1.2",
        "clone-element": "^0.1.0",
        "core-js": "^3.22.4",
        "date-fns": "^2.28.0",
        "dls-graphics": "^1.3.2",
        "lodash": "^4.17.21",
        "popper.js": "^1.16.1",
        "resize-detector": "^0.1.10",
        "vue-awesome": "^4.5.0",
        "vue-directive-normalizer": "0.1.0"
      },
      "peerDependencies": {
        "@vue/runtime-dom": "^3.2.26",
        "vue": "^2.5.16"
      },
      "peerDependenciesMeta": {
        "@vue/runtime-dom": {
          "optional": true
        }
      }
    },
    "node_modules/vue": {
      "version": "2.6.14",
      "resolved": "https://registry.npmjs.org/vue/-/vue-2.6.14.tgz",
      "integrity": "sha512-x2284lgYvjOMj3Za7kqzRcUSxBboHqtgRE2zlos1qWaOye5yUmHn42LB1250NJBLRwEcdrB0JRwyPTEPhfQjiQ==",
      "peer": true
    },
    "node_modules/vue-awesome": {
      "version": "4.5.0",
      "resolved": "https://registry.npmjs.org/vue-awesome/-/vue-awesome-4.5.0.tgz",
      "integrity": "sha512-pbtZkRecXLm3fg0eVkwObDRM9YNU1BW5wDsL4mMoSvUXZbTnS+N2E4CahAwKJL5OPbqmhJQgZPekQoJrID7dcQ==",
      "peer": true,
      "engines": {
        "node": ">= 4.0.0",
        "npm": ">= 3.0.0"
      },
      "peerDependencies": {
        "vue": "^2.4.0"
      }
    },
    "node_modules/vue-directive-normalizer": {
      "version": "0.1.0",
      "resolved": "https://registry.npmjs.org/vue-directive-normalizer/-/vue-directive-normalizer-0.1.0.tgz",
      "integrity": "sha512-PmV0yjPatfhVMAO/+oAEWAZlCNNQA0jDt8auaBMmkzQsm0YvjuT1Am7c97fzk24XHA7T5rqwpdhgBM49Qg/R9Q==",
      "peer": true
    },
    "node_modules/wrappy": {
      "version": "1.0.2",
      "resolved": "https://registry.npmjs.org/wrappy/-/wrappy-1.0.2.tgz",
      "integrity": "sha1-tSQ9jz7BqjXxNkYFvA0QNuMKtp8=",
      "dev": true
    },
    "node_modules/xml-lexer": {
      "version": "0.2.2",
      "resolved": "https://registry.npmjs.org/xml-lexer/-/xml-lexer-0.2.2.tgz",
      "integrity": "sha1-UYGTpKozTVj8fSSLVJB5uJkH4EY=",
      "dev": true,
      "dependencies": {
        "eventemitter3": "^2.0.0"
      }
    },
    "node_modules/xml-reader": {
      "version": "2.4.3",
      "resolved": "https://registry.npmjs.org/xml-reader/-/xml-reader-2.4.3.tgz",
      "integrity": "sha1-n4EMr3xCWlqvuEixxFEDyecddTA=",
      "dev": true,
      "dependencies": {
        "eventemitter3": "^2.0.0",
        "xml-lexer": "^0.2.2"
      }
    }
  },
  "dependencies": {
    "@trysound/sax": {
      "version": "0.2.0",
      "resolved": "https://registry.npmjs.org/@trysound/sax/-/sax-0.2.0.tgz",
      "integrity": "sha512-L7z9BgrNEcYyUYtF+HaEfiS5ebkh9jXqbszz7pC0hRBPaatV0XjSD3+eHrpqFemQfgwiFF0QPIarnIihIDn7OA==",
      "dev": true
    },
    "balanced-match": {
      "version": "1.0.0",
      "resolved": "https://registry.npmjs.org/balanced-match/-/balanced-match-1.0.0.tgz",
      "integrity": "sha1-ibTRmasr7kneFk6gK4nORi1xt2c=",
      "dev": true
    },
    "boolbase": {
      "version": "1.0.0",
      "resolved": "https://registry.npmjs.org/boolbase/-/boolbase-1.0.0.tgz",
      "integrity": "sha512-JZOSA7Mo9sNGB8+UjSgzdLtokWAky1zbztM3WRLCbZ70/3cTANmQmOdR7y2g+J0e2WXywy1yS468tY+IruqEww==",
      "dev": true
    },
    "brace-expansion": {
      "version": "1.1.11",
      "resolved": "https://registry.npmjs.org/brace-expansion/-/brace-expansion-1.1.11.tgz",
      "integrity": "sha512-iCuPHDFgrHX7H2vEI/5xpz07zSHB00TpugqhmYtVmMO6518mCuRMoOYFldEBl0g187ufozdaHgWKcYFb61qGiA==",
      "dev": true,
      "requires": {
        "balanced-match": "^1.0.0",
        "concat-map": "0.0.1"
      }
    },
    "bytes": {
      "version": "3.1.2",
      "resolved": "https://registry.npmjs.org/bytes/-/bytes-3.1.2.tgz",
      "integrity": "sha512-/Nf7TyzTx6S3yRJObOAV7956r8cr2+Oj8AC5dt8wSP3BQAoeX58NoHyCU8P8zGkNXStjTSi6fzO6F0pBdcYbEg==",
      "peer": true
    },
    "clean-deep": {
      "version": "3.0.2",
      "resolved": "https://registry.npmjs.org/clean-deep/-/clean-deep-3.0.2.tgz",
      "integrity": "sha512-sLUtFxYtHc3jM9pmwyYXOLln0nnQ1OhFrefQ7nqUlva1crHDbi4gVO+nnMSm5jztFXIRDMt+kMNh0mOscbARow==",
      "dev": true,
      "requires": {
        "lodash.isempty": "^4.4.0",
        "lodash.isplainobject": "^4.0.6",
        "lodash.transform": "^4.6.0"
      }
    },
    "clone-element": {
      "version": "0.1.0",
      "resolved": "https://registry.npmjs.org/clone-element/-/clone-element-0.1.0.tgz",
      "integrity": "sha512-puj0ZeG4HdWTMeP0i9poU5R7oYD5EOFo5CsU00bW6CHg7sGXEJ5o6LkrIeHSkGL/eQb8b+ME7vIiSk41wRYsWg==",
      "peer": true
    },
    "commander": {
      "version": "7.2.0",
      "resolved": "https://registry.npmjs.org/commander/-/commander-7.2.0.tgz",
      "integrity": "sha512-QrWXB+ZQSVPmIWIhtEO9H+gwHaMGYiF5ChvoJ+K9ZGHG/sVsa6yiesAD1GC/x46sET00Xlwo1u49RVVVzvcSkw==",
      "dev": true
    },
    "concat-map": {
      "version": "0.0.1",
      "resolved": "https://registry.npmjs.org/concat-map/-/concat-map-0.0.1.tgz",
      "integrity": "sha1-2Klr13/Wjfd5OnMDajug1UBdR3s=",
      "dev": true
    },
    "core-js": {
      "version": "3.22.5",
      "resolved": "https://registry.npmjs.org/core-js/-/core-js-3.22.5.tgz",
      "integrity": "sha512-VP/xYuvJ0MJWRAobcmQ8F2H6Bsn+s7zqAAjFaHGBMc5AQm7zaelhD1LGduFn2EehEcQcU+br6t+fwbpQ5d1ZWA==",
      "peer": true
    },
    "css-select": {
      "version": "5.1.0",
      "resolved": "https://registry.npmjs.org/css-select/-/css-select-5.1.0.tgz",
      "integrity": "sha512-nwoRF1rvRRnnCqqY7updORDsuqKzqYJ28+oSMaJMMgOauh3fvwHqMS7EZpIPqK8GL+g9mKxF1vP/ZjSeNjEVHg==",
      "dev": true,
      "requires": {
        "boolbase": "^1.0.0",
        "css-what": "^6.1.0",
        "domhandler": "^5.0.2",
        "domutils": "^3.0.1",
        "nth-check": "^2.0.1"
      }
    },
    "css-tree": {
      "version": "2.2.1",
      "resolved": "https://registry.npmjs.org/css-tree/-/css-tree-2.2.1.tgz",
      "integrity": "sha512-OA0mILzGc1kCOCSJerOeqDxDQ4HOh+G8NbOJFOTgOCzpw7fCBubk0fEyxp8AgOL/jvLgYA/uV0cMbe43ElF1JA==",
      "dev": true,
      "requires": {
        "mdn-data": "2.0.28",
        "source-map-js": "^1.0.1"
      }
    },
    "css-what": {
      "version": "6.1.0",
      "resolved": "https://registry.npmjs.org/css-what/-/css-what-6.1.0.tgz",
      "integrity": "sha512-HTUrgRJ7r4dsZKU6GjmpfRK1O76h97Z8MfS1G0FozR+oF2kG6Vfe8JE6zwrkbxigziPHinCJ+gCPjA9EaBDtRw==",
      "dev": true
    },
    "csso": {
      "version": "5.0.5",
      "resolved": "https://registry.npmjs.org/csso/-/csso-5.0.5.tgz",
      "integrity": "sha512-0LrrStPOdJj+SPCCrGhzryycLjwcgUSHBtxNA8aIDxf0GLsRh1cKYhB00Gd1lDOS4yGH69+SNn13+TWbVHETFQ==",
      "dev": true,
      "requires": {
        "css-tree": "~2.2.0"
      }
    },
    "date-fns": {
      "version": "2.28.0",
      "resolved": "https://registry.npmjs.org/date-fns/-/date-fns-2.28.0.tgz",
      "integrity": "sha512-8d35hViGYx/QH0icHYCeLmsLmMUheMmTyV9Fcm6gvNwdw31yXXH+O85sOBJ+OLnLQMKZowvpKb6FgMIQjcpvQw==",
      "peer": true
    },
    "deep-rename-keys": {
      "version": "0.2.1",
      "resolved": "https://registry.npmjs.org/deep-rename-keys/-/deep-rename-keys-0.2.1.tgz",
      "integrity": "sha1-7eeFN9emaivmFRfir5Vtf1ij8dg=",
      "dev": true,
      "requires": {
        "kind-of": "^3.0.2",
        "rename-keys": "^1.1.2"
      }
    },
    "dls-graphics": {
      "version": "1.3.2",
      "resolved": "https://registry.npmjs.org/dls-graphics/-/dls-graphics-1.3.2.tgz",
      "integrity": "sha512-hPCo8dpCQLffRLqtPsYIX8txrEzdgIIGfofN6XzRx2GOsm87SOlQIQoqdkir+rPZIuIHFScdb4ifSIsaicXDYQ==",
      "peer": true
    },
    "dom-serializer": {
      "version": "2.0.0",
      "resolved": "https://registry.npmjs.org/dom-serializer/-/dom-serializer-2.0.0.tgz",
      "integrity": "sha512-wIkAryiqt/nV5EQKqQpo3SToSOV9J0DnbJqwK7Wv/Trc92zIAYZ4FlMu+JPFW1DfGFt81ZTCGgDEabffXeLyJg==",
      "dev": true,
      "requires": {
        "domelementtype": "^2.3.0",
        "domhandler": "^5.0.2",
        "entities": "^4.2.0"
      }
    },
    "domelementtype": {
      "version": "2.3.0",
      "resolved": "https://registry.npmjs.org/domelementtype/-/domelementtype-2.3.0.tgz",
      "integrity": "sha512-OLETBj6w0OsagBwdXnPdN0cnMfF9opN69co+7ZrbfPGrdpPVNBUj02spi6B1N7wChLQiPn4CSH/zJvXw56gmHw==",
      "dev": true
    },
    "domhandler": {
      "version": "5.0.3",
      "resolved": "https://registry.npmjs.org/domhandler/-/domhandler-5.0.3.tgz",
      "integrity": "sha512-cgwlv/1iFQiFnU96XXgROh8xTeetsnJiDsTc7TYCLFd9+/WNkIqPTxiM/8pSd8VIrhXGTf1Ny1q1hquVqDJB5w==",
      "dev": true,
      "requires": {
        "domelementtype": "^2.3.0"
      }
    },
    "domutils": {
      "version": "3.0.1",
      "resolved": "https://registry.npmjs.org/domutils/-/domutils-3.0.1.tgz",
      "integrity": "sha512-z08c1l761iKhDFtfXO04C7kTdPBLi41zwOZl00WS8b5eiaebNpY00HKbztwBq+e3vyqWNwWF3mP9YLUeqIrF+Q==",
      "dev": true,
      "requires": {
        "dom-serializer": "^2.0.0",
        "domelementtype": "^2.3.0",
        "domhandler": "^5.0.1"
      }
    },
    "entities": {
      "version": "4.4.0",
      "resolved": "https://registry.npmjs.org/entities/-/entities-4.4.0.tgz",
      "integrity": "sha512-oYp7156SP8LkeGD0GF85ad1X9Ai79WtRsZ2gxJqtBuzH+98YUV6jkHEKlZkMbcrjJjIVJNIDP/3WL9wQkoPbWA==",
      "dev": true
    },
    "esm": {
      "version": "3.2.25",
      "resolved": "https://registry.npmjs.org/esm/-/esm-3.2.25.tgz",
      "integrity": "sha512-U1suiZ2oDVWv4zPO56S0NcR5QriEahGtdN2OR6FiOG4WJvcjBVFB0qI4+eKoWFH483PKGuLuu6V8Z4T5g63UVA==",
      "dev": true
    },
    "eventemitter3": {
      "version": "2.0.3",
      "resolved": "https://registry.npmjs.org/eventemitter3/-/eventemitter3-2.0.3.tgz",
      "integrity": "sha1-teEHm1n7XhuidxwKmTvgYKWMmbo=",
      "dev": true
    },
    "fs.realpath": {
      "version": "1.0.0",
      "resolved": "https://registry.npmjs.org/fs.realpath/-/fs.realpath-1.0.0.tgz",
      "integrity": "sha1-FQStJSMVjKpA20onh8sBQRmU6k8=",
      "dev": true
    },
    "get-own-enumerable-property-symbols": {
      "version": "3.0.2",
      "resolved": "https://registry.npmjs.org/get-own-enumerable-property-symbols/-/get-own-enumerable-property-symbols-3.0.2.tgz",
      "integrity": "sha512-I0UBV/XOz1XkIJHEUDMZAbzCThU/H8DxmSfmdGcKPnVhu2VfFqr34jr9777IyaTYvxjedWhqVIilEDsCdP5G6g==",
      "dev": true
    },
    "get-value": {
      "version": "2.0.6",
      "resolved": "https://registry.npmjs.org/get-value/-/get-value-2.0.6.tgz",
      "integrity": "sha1-3BXKHGcjh8p2vTesCjlbogQqLCg=",
      "dev": true
    },
    "glob": {
      "version": "7.1.6",
      "resolved": "https://registry.npmjs.org/glob/-/glob-7.1.6.tgz",
      "integrity": "sha512-LwaxwyZ72Lk7vZINtNNrywX0ZuLyStrdDtabefZKAY5ZGJhVtgdznluResxNmPitE0SAO+O26sWTHeKSI2wMBA==",
      "dev": true,
      "requires": {
        "fs.realpath": "^1.0.0",
        "inflight": "^1.0.4",
        "inherits": "2",
        "minimatch": "^3.0.4",
        "once": "^1.3.0",
        "path-is-absolute": "^1.0.0"
      }
    },
    "has-value": {
      "version": "0.3.1",
      "resolved": "https://registry.npmjs.org/has-value/-/has-value-0.3.1.tgz",
      "integrity": "sha1-ex9YutpiyoJ+wKIHgCVlSEWZXh8=",
      "dev": true,
      "requires": {
        "get-value": "^2.0.3",
        "has-values": "^0.1.4",
        "isobject": "^2.0.0"
      },
      "dependencies": {
        "isobject": {
          "version": "2.1.0",
          "resolved": "https://registry.npmjs.org/isobject/-/isobject-2.1.0.tgz",
          "integrity": "sha1-8GVWEJaj8dou9GJy+BXIQNh+DIk=",
          "dev": true,
          "requires": {
            "isarray": "1.0.0"
          }
        }
      }
    },
    "has-values": {
      "version": "0.1.4",
      "resolved": "https://registry.npmjs.org/has-values/-/has-values-0.1.4.tgz",
      "integrity": "sha1-bWHeldkd/Km5oCCJrThL/49it3E=",
      "dev": true
    },
    "inflight": {
      "version": "1.0.6",
      "resolved": "https://registry.npmjs.org/inflight/-/inflight-1.0.6.tgz",
      "integrity": "sha1-Sb1jMdfQLQwJvJEKEHW6gWW1bfk=",
      "dev": true,
      "requires": {
        "once": "^1.3.0",
        "wrappy": "1"
      }
    },
    "inherits": {
      "version": "2.0.4",
      "resolved": "https://registry.npmjs.org/inherits/-/inherits-2.0.4.tgz",
      "integrity": "sha512-k/vGaX4/Yla3WzyMCvTQOXYeIHvqOKtnqBduzTHpzpQZzAskKMhZ2K+EnBiSM9zGSoIFeMpXKxa4dYeZIQqewQ==",
      "dev": true
    },
    "is-buffer": {
      "version": "1.1.6",
      "resolved": "https://registry.npmjs.org/is-buffer/-/is-buffer-1.1.6.tgz",
      "integrity": "sha512-NcdALwpXkTm5Zvvbk7owOUSvVvBKDgKP5/ewfXEznmQFfs4ZRmanOeKBTjRVjka3QFoN6XJ+9F3USqfHqTaU5w==",
      "dev": true
    },
    "is-obj": {
      "version": "1.0.1",
      "resolved": "https://registry.npmjs.org/is-obj/-/is-obj-1.0.1.tgz",
      "integrity": "sha1-PkcprB9f3gJc19g6iW2rn09n2w8=",
      "dev": true
    },
    "is-plain-object": {
      "version": "2.0.4",
      "resolved": "https://registry.npmjs.org/is-plain-object/-/is-plain-object-2.0.4.tgz",
      "integrity": "sha512-h5PpgXkWitc38BBMYawTYMWJHFZJVnBquFE57xFpjB8pJFiF6gZ+bU+WyI/yqXiFR5mdLsgYNaPe8uao6Uv9Og==",
      "dev": true,
      "requires": {
        "isobject": "^3.0.1"
      }
    },
    "is-regexp": {
      "version": "1.0.0",
      "resolved": "https://registry.npmjs.org/is-regexp/-/is-regexp-1.0.0.tgz",
      "integrity": "sha1-/S2INUXEa6xaYz57mgnof6LLUGk=",
      "dev": true
    },
    "isarray": {
      "version": "1.0.0",
      "resolved": "https://registry.npmjs.org/isarray/-/isarray-1.0.0.tgz",
      "integrity": "sha1-u5NdSFgsuhaMBoNJV6VKPgcSTxE=",
      "dev": true
    },
    "isobject": {
      "version": "3.0.1",
      "resolved": "https://registry.npmjs.org/isobject/-/isobject-3.0.1.tgz",
      "integrity": "sha1-TkMekrEalzFjaqH5yNHMvP2reN8=",
      "dev": true
    },
    "kind-of": {
      "version": "3.2.2",
      "resolved": "https://registry.npmjs.org/kind-of/-/kind-of-3.2.2.tgz",
      "integrity": "sha1-MeohpzS6ubuw8yRm2JOupR5KPGQ=",
      "dev": true,
      "requires": {
        "is-buffer": "^1.1.5"
      }
    },
    "lodash": {
      "version": "4.17.21",
      "resolved": "https://registry.npmjs.org/lodash/-/lodash-4.17.21.tgz",
      "integrity": "sha512-v2kDEe57lecTulaDIuNTPy3Ry4gLGJ6Z1O3vE1krgXZNrsQ+LFTGHVxVjcXPs17LhbZVGedAJv8XZ1tvj5FvSg==",
      "peer": true
    },
    "lodash.isempty": {
      "version": "4.4.0",
      "resolved": "https://registry.npmjs.org/lodash.isempty/-/lodash.isempty-4.4.0.tgz",
      "integrity": "sha1-b4bL7di+TsmHvpqvM8loTbGzHn4=",
      "dev": true
    },
    "lodash.isplainobject": {
      "version": "4.0.6",
      "resolved": "https://registry.npmjs.org/lodash.isplainobject/-/lodash.isplainobject-4.0.6.tgz",
      "integrity": "sha1-fFJqUtibRcRcxpC4gWO+BJf1UMs=",
      "dev": true
    },
    "lodash.transform": {
      "version": "4.6.0",
      "resolved": "https://registry.npmjs.org/lodash.transform/-/lodash.transform-4.6.0.tgz",
      "integrity": "sha1-EjBkIvYzJK7YSD0/ODMrX2cFR6A=",
      "dev": true
    },
    "mdn-data": {
      "version": "2.0.28",
      "resolved": "https://registry.npmjs.org/mdn-data/-/mdn-data-2.0.28.tgz",
      "integrity": "sha512-aylIc7Z9y4yzHYAJNuESG3hfhC+0Ibp/MAMiaOZgNv4pmEdFyfZhhhny4MNiAfWdBQ1RQ2mfDWmM1x8SvGyp8g==",
      "dev": true
    },
    "minimatch": {
      "version": "3.1.2",
      "resolved": "https://registry.npmjs.org/minimatch/-/minimatch-3.1.2.tgz",
      "integrity": "sha512-J7p63hRiAjw1NDEww1W7i37+ByIrOWO5XQQAzZ3VOcL0PNybwpfmV/N05zFAzwQ9USyEcX6t3UO+K5aqBQOIHw==",
      "dev": true,
      "requires": {
        "brace-expansion": "^1.1.7"
      }
    },
    "minimist": {
      "version": "1.2.6",
      "resolved": "https://registry.npmjs.org/minimist/-/minimist-1.2.6.tgz",
      "integrity": "sha512-Jsjnk4bw3YJqYzbdyBiNsPWHPfO++UGG749Cxs6peCu5Xg4nrena6OVxOYxrQTqww0Jmwt+Ref8rggumkTLz9Q==",
      "dev": true
    },
    "mkdirp": {
      "version": "0.5.5",
      "resolved": "https://registry.npmjs.org/mkdirp/-/mkdirp-0.5.5.tgz",
      "integrity": "sha512-NKmAlESf6jMGym1++R0Ra7wvhV+wFW63FaSOFPwRahvea0gMUcGUhVeAg/0BC0wiv9ih5NYPB1Wn1UEI1/L+xQ==",
      "dev": true,
      "requires": {
        "minimist": "^1.2.5"
      }
    },
    "nth-check": {
      "version": "2.1.1",
      "resolved": "https://registry.npmjs.org/nth-check/-/nth-check-2.1.1.tgz",
      "integrity": "sha512-lqjrjmaOoAnWfMmBPL+XNnynZh2+swxiX3WUE0s4yEHI6m+AwrK2UZOimIRl3X/4QctVqS8AiZjFqyOGrMXb/w==",
      "dev": true,
      "requires": {
        "boolbase": "^1.0.0"
      }
    },
    "omit-deep": {
      "version": "0.3.0",
      "resolved": "https://registry.npmjs.org/omit-deep/-/omit-deep-0.3.0.tgz",
      "integrity": "sha1-IcivNJm8rdKWUaIyy8rLxSRF6+w=",
      "dev": true,
      "requires": {
        "is-plain-object": "^2.0.1",
        "unset-value": "^0.1.1"
      }
    },
    "once": {
      "version": "1.4.0",
      "resolved": "https://registry.npmjs.org/once/-/once-1.4.0.tgz",
      "integrity": "sha1-WDsap3WWHUsROsF9nFC6753Xa9E=",
      "dev": true,
      "requires": {
        "wrappy": "1"
      }
    },
    "path-is-absolute": {
      "version": "1.0.1",
      "resolved": "https://registry.npmjs.org/path-is-absolute/-/path-is-absolute-1.0.1.tgz",
      "integrity": "sha1-F0uSaHNVNP+8es5r9TpanhtcX18=",
      "dev": true
    },
    "picocolors": {
      "version": "1.0.0",
      "resolved": "https://registry.npmjs.org/picocolors/-/picocolors-1.0.0.tgz",
      "integrity": "sha512-1fygroTLlHu66zi26VoTDv8yRgm0Fccecssto+MhsZ0D/DGW2sm8E8AjW7NU5VVTRt5GxbeZ5qBuJr+HyLYkjQ==",
      "dev": true
    },
    "popper.js": {
      "version": "1.16.1",
      "resolved": "https://registry.npmjs.org/popper.js/-/popper.js-1.16.1.tgz",
      "integrity": "sha512-Wb4p1J4zyFTbM+u6WuO4XstYx4Ky9Cewe4DWrel7B0w6VVICvPwdOpotjzcf6eD8TsckVnIMNONQyPIUFOUbCQ==",
      "peer": true
    },
    "rename-keys": {
      "version": "1.2.0",
      "resolved": "https://registry.npmjs.org/rename-keys/-/rename-keys-1.2.0.tgz",
      "integrity": "sha512-U7XpAktpbSgHTRSNRrjKSrjYkZKuhUukfoBlXWXUExCAqhzh1TU3BDRAfJmarcl5voKS+pbKU9MvyLWKZ4UEEg==",
      "dev": true
    },
    "resize-detector": {
      "version": "0.1.10",
      "resolved": "https://registry.npmjs.org/resize-detector/-/resize-detector-0.1.10.tgz",
      "integrity": "sha512-iLcXC8A6Fb0DfA+TRiywrK/0A22bFqkhntjMJMEzXDA4XkcEkfwpNbv7W8iewUiD0xYIaeiXOfiEehTqGKsUFw==",
      "peer": true
    },
    "rimraf": {
      "version": "2.7.1",
      "resolved": "https://registry.npmjs.org/rimraf/-/rimraf-2.7.1.tgz",
      "integrity": "sha512-uWjbaKIK3T1OSVptzX7Nl6PvQ3qAGtKEtVRjRuazjfL3Bx5eI409VZSqgND+4UNnmzLVdPj9FqFJNPqBZFve4w==",
      "dev": true,
      "requires": {
        "glob": "^7.1.3"
      }
    },
    "source-map-js": {
      "version": "1.0.2",
      "resolved": "https://registry.npmjs.org/source-map-js/-/source-map-js-1.0.2.tgz",
      "integrity": "sha512-R0XvVJ9WusLiqTCEiGCmICCMplcCkIwwR11mOSD9CR5u+IXYdiseeEuXCVAjS54zqwkLcPNnmU4OeJ6tUrWhDw==",
      "dev": true
    },
    "stringify-object": {
      "version": "3.3.0",
      "resolved": "https://registry.npmjs.org/stringify-object/-/stringify-object-3.3.0.tgz",
      "integrity": "sha512-rHqiFh1elqCQ9WPLIC8I0Q/g/wj5J1eMkyoiD6eoQApWHP0FtlK7rqnhmabL5VUY9JQCcqwwvlOaSuutekgyrw==",
      "dev": true,
      "requires": {
        "get-own-enumerable-property-symbols": "^3.0.0",
        "is-obj": "^1.0.1",
        "is-regexp": "^1.0.0"
      }
    },
    "svgo": {
      "version": "3.0.2",
      "resolved": "https://registry.npmjs.org/svgo/-/svgo-3.0.2.tgz",
      "integrity": "sha512-Z706C1U2pb1+JGP48fbazf3KxHrWOsLme6Rv7imFBn5EnuanDW1GPaA/P1/dvObE670JDePC3mnj0k0B7P0jjQ==",
      "dev": true,
      "requires": {
        "@trysound/sax": "0.2.0",
        "commander": "^7.2.0",
        "css-select": "^5.1.0",
        "css-tree": "^2.2.1",
        "csso": "^5.0.5",
        "picocolors": "^1.0.0"
      }
    },
    "svgson": {
      "version": "3.1.0",
      "resolved": "https://registry.npmjs.org/svgson/-/svgson-3.1.0.tgz",
      "integrity": "sha512-7DbA8d02COOjp+BACdxrPJNaIrlKROhNloktJF6lbeVz4syVLAKv8ViwHScwXK0RSLeTFND4OuJFpRlrdoqRuw==",
      "dev": true,
      "requires": {
        "clean-deep": "3.0.2",
        "deep-rename-keys": "^0.2.1",
        "omit-deep": "0.3.0",
        "xml-reader": "2.4.3"
      }
    },
    "unset-value": {
      "version": "0.1.2",
      "resolved": "https://registry.npmjs.org/unset-value/-/unset-value-0.1.2.tgz",
      "integrity": "sha1-UGgQuGfyfCpabpsEgzYx9t5Y0xA=",
      "dev": true,
      "requires": {
        "has-value": "^0.3.1",
        "isobject": "^3.0.0"
      }
    },
    "veui": {
      "version": "2.10.2",
      "resolved": "https://registry.npmjs.org/veui/-/veui-2.10.2.tgz",
      "integrity": "sha512-ZdxqlboECt5nuYd9Y35uwIq+5LqiyQsLpse8RkHV+M2aZMJ831m2laE+inub4neRdw1MQ7STAxYbdQ8Bw/6e0g==",
      "peer": true,
      "requires": {
        "bytes": "^3.1.2",
        "clone-element": "^0.1.0",
        "core-js": "^3.22.4",
        "date-fns": "^2.28.0",
        "dls-graphics": "^1.3.2",
        "lodash": "^4.17.21",
        "popper.js": "^1.16.1",
        "resize-detector": "^0.1.10",
        "vue-awesome": "^4.5.0",
        "vue-directive-normalizer": "0.1.0"
      }
    },
    "vue": {
      "version": "2.6.14",
      "resolved": "https://registry.npmjs.org/vue/-/vue-2.6.14.tgz",
      "integrity": "sha512-x2284lgYvjOMj3Za7kqzRcUSxBboHqtgRE2zlos1qWaOye5yUmHn42LB1250NJBLRwEcdrB0JRwyPTEPhfQjiQ==",
      "peer": true
    },
    "vue-awesome": {
      "version": "4.5.0",
      "resolved": "https://registry.npmjs.org/vue-awesome/-/vue-awesome-4.5.0.tgz",
      "integrity": "sha512-pbtZkRecXLm3fg0eVkwObDRM9YNU1BW5wDsL4mMoSvUXZbTnS+N2E4CahAwKJL5OPbqmhJQgZPekQoJrID7dcQ==",
      "peer": true,
      "requires": {}
    },
    "vue-directive-normalizer": {
      "version": "0.1.0",
      "resolved": "https://registry.npmjs.org/vue-directive-normalizer/-/vue-directive-normalizer-0.1.0.tgz",
      "integrity": "sha512-PmV0yjPatfhVMAO/+oAEWAZlCNNQA0jDt8auaBMmkzQsm0YvjuT1Am7c97fzk24XHA7T5rqwpdhgBM49Qg/R9Q==",
      "peer": true
    },
    "wrappy": {
      "version": "1.0.2",
      "resolved": "https://registry.npmjs.org/wrappy/-/wrappy-1.0.2.tgz",
      "integrity": "sha1-tSQ9jz7BqjXxNkYFvA0QNuMKtp8=",
      "dev": true
    },
    "xml-lexer": {
      "version": "0.2.2",
      "resolved": "https://registry.npmjs.org/xml-lexer/-/xml-lexer-0.2.2.tgz",
      "integrity": "sha1-UYGTpKozTVj8fSSLVJB5uJkH4EY=",
      "dev": true,
      "requires": {
        "eventemitter3": "^2.0.0"
      }
    },
    "xml-reader": {
      "version": "2.4.3",
      "resolved": "https://registry.npmjs.org/xml-reader/-/xml-reader-2.4.3.tgz",
      "integrity": "sha1-n4EMr3xCWlqvuEixxFEDyecddTA=",
      "dev": true,
      "requires": {
        "eventemitter3": "^2.0.0",
        "xml-lexer": "^0.2.2"
      }
    }
  }
}
